Microsoft Visual Studio Solution File, Format Version 11.00
# Visual Studio 2013
Project("{63914F74-EE70-CB92-8A0D-CD6E4FAD6F56}") = "Guitar2Midi", "Guitar2Midi.vcxproj", "{7371ABC1-504E-8996-E729-77C554C94FB9}"
EndProject
Global
	GlobalSection(SolutionConfigurationPlatforms) = preSolution
		Debug|Win32 = Debug|Win32
		Release|Win32 = Release|Win32
	EndGlobalSection
	GlobalSection(ProjectConfigurationPlatforms) = postSolution
		{7371ABC1-504E-8996-E729-77C554C94FB9}.Debug|Win32.ActiveCfg = Debug|Win32
		{7371ABC1-504E-8996-E729-77C554C94FB9}.Debug|Win32.Build.0 = Debug|Win32
		{7371ABC1-504E-8996-E729-77C554C94FB9}.Release|Win32.ActiveCfg = Release|Win32
		{7371ABC1-504E-8996-E729-77C554C94FB9}.Release|Win32.Build.0 = Release|Win32
	EndGlobalSection
	GlobalSection(SolutionProperties) = preSolution
		HideSolutionNode = FALSE
	EndGlobalSection
EndGlobal
